
Microsoft Visual Studio Solution File, Format Version 12.00
# Visual Studio Version 17
VisualStudioVersion = 17.1.32319.34
MinimumVisualStudioVersion = 10.0.40219.1
Project("{FAE04EC0-301F-11D3-BF4B-00C04F79EFBC}") = "BlogManagementSystem", "BlogManagementSystem\BlogManagementSystem.csproj", "{8AC6B0D3-8822-42D2-A9EC-7333C8BC0B85}"
EndProject
Global
	GlobalSection(SolutionConfigurationPlatforms) = preSolution
		Debug|Any CPU = Debug|Any CPU
		Release|Any CPU = Release|Any CPU
	EndGlobalSection
	GlobalSection(ProjectConfigurationPlatforms) = postSolution
		{8AC6B0D3-8822-42D2-A9EC-7333C8BC0B85}.Debug|Any CPU.ActiveCfg = Debug|Any CPU
		{8AC6B0D3-8822-42D2-A9EC-7333C8BC0B85}.Debug|Any CPU.Build.0 = Debug|Any CPU
		{8AC6B0D3-8822-42D2-A9EC-7333C8BC0B85}.Release|Any CPU.ActiveCfg = Release|Any CPU
		{8AC6B0D3-8822-42D2-A9EC-7333C8BC0B85}.Release|Any CPU.Build.0 = Release|Any CPU
	EndGlobalSection
	GlobalSection(SolutionProperties) = preSolution
		HideSolutionNode = FALSE
	EndGlobalSection
	GlobalSection(ExtensibilityGlobals) = postSolution
		SolutionGuid = {593910BA-0F58-4C33-B2FF-385E75EA4CA2}
	EndGlobalSection
EndGlobal
